// !$*UTF8*$!
{
	archiveVersion = 1;
	classes = {
	};
	objectVersion = 46;
	objects = {

/* Begin PBXBuildFile section */
		9DA3D6D916819C1900AFC1BF /* UIKit.framework in Frameworks */ = {isa = PBXBuildFile; fileRef = 9DA3D6D816819C1900AFC1BF /* UIKit.framework */; };
		9DA3D6DB16819C1900AFC1BF /* Foundation.framework in Frameworks */ = {isa = PBXBuildFile; fileRef = 9DA3D6DA16819C1900AFC1BF /* Foundation.framework */; };
		9DA3D6DD16819C1900AFC1BF /* CoreGraphics.framework in Frameworks */ = {isa = PBXBuildFile; fileRef = 9DA3D6DC16819C1900AFC1BF /* CoreGraphics.framework */; };
		9DA3D6E316819C1900AFC1BF /* InfoPlist.strings in Resources */ = {isa = PBXBuildFile; fileRef = 9DA3D6E116819C1900AFC1BF /* InfoPlist.strings */; };
		9DA3D6E516819C1900AFC1BF /* main.m in Sources */ = {isa = PBXBuildFile; fileRef = 9DA3D6E416819C1900AFC1BF /* main.m */; };
		9DA3D6E916819C1900AFC1BF /* CamAppDelegate.m in Sources */ = {isa = PBXBuildFile; fileRef = 9DA3D6E816819C1900AFC1BF /* CamAppDelegate.m */; };
		9DA3D6EB16819C1900AFC1BF /* Default.png in Resources */ = {isa = PBXBuildFile; fileRef = 9DA3D6EA16819C1900AFC1BF /* Default.png */; };
		9DA3D6ED16819C1900AFC1BF /* Default@2x.png in Resources */ = {isa = PBXBuildFile; fileRef = 9DA3D6EC16819C1900AFC1BF /* Default@2x.png */; };
		9DA3D6EF16819C1900AFC1BF /* Default-568h@2x.png in Resources */ = {isa = PBXBuildFile; fileRef = 9DA3D6EE16819C1900AFC1BF /* Default-568h@2x.png */; };
		9DA3D6F216819C1900AFC1BF /* CamViewController.m in Sources */ = {isa = PBXBuildFile; fileRef = 9DA3D6F116819C1900AFC1BF /* CamViewController.m */; };
		9DA3D6F516819C1A00AFC1BF /* CamViewController.xib in Resources */ = {isa = PBXBuildFile; fileRef = 9DA3D6F316819C1A00AFC1BF /* CamViewController.xib */; };
/* End PBXBuildFile section */

/* Begin PBXFileReference section */
		9DA3D6D416819C1900AFC1BF /* Camcoder.app */ = {isa = PBXFileReference; explicitFileType = wrapper.application; includeInIndex = 0; path = Camcoder.app; sourceTree = BUILT_PRODUCTS_DIR; };
		9DA3D6D816819C1900AFC1BF /* UIKit.framework */ = {isa = PBXFileReference; lastKnownFileType = wrapper.framework; name = UIKit.framework; path = System/Library/Frameworks/UIKit.framework; sourceTree = SDKROOT; };
		9DA3D6DA16819C1900AFC1BF /* Foundation.framework */ = {isa = PBXFileReference; lastKnownFileType = wrapper.framework; name = Foundation.framework; path = System/Library/Frameworks/Foundation.framework; sourceTree = SDKROOT; };
		9DA3D6DC16819C1900AFC1BF /* CoreGraphics.framework */ = {isa = PBXFileReference; lastKnownFileType = wrapper.framework; name = CoreGraphics.framework; path = System/Library/Frameworks/CoreGraphics.framework; sourceTree = SDKROOT; };
		9DA3D6E016819C1900AFC1BF /* Camcoder-Info.plist */ = {isa = PBXFileReference; lastKnownFileType = text.plist.xml; path = "Camcoder-Info.plist"; sourceTree = "<group>"; };
		9DA3D6E216819C1900AFC1BF /* en */ = {isa = PBXFileReference; lastKnownFileType = text.plist.strings; name = en; path = en.lproj/InfoPlist.strings; sourceTree = "<group>"; };
		9DA3D6E416819C1900AFC1BF /* main.m */ = {isa = PBXFileReference; lastKnownFileType = sourcecode.c.objc; path = main.m; sourceTree = "<group>"; };
		9DA3D6E616819C1900AFC1BF /* Camcoder-Prefix.pch */ = {isa = PBXFileReference; lastKnownFileType = sourcecode.c.h; path = "Camcoder-Prefix.pch"; sourceTree = "<group>"; };
		9DA3D6E716819C1900AFC1BF /* CamAppDelegate.h */ = {isa = PBXFileReference; lastKnownFileType = sourcecode.c.h; path = CamAppDelegate.h; sourceTree = "<group>"; };
		9DA3D6E816819C1900AFC1BF /* CamAppDelegate.m */ = {isa = PBXFileReference; lastKnownFileType = sourcecode.c.objc; path = CamAppDelegate.m; sourceTree = "<group>"; };
		9DA3D6EA16819C1900AFC1BF /* Default.png */ = {isa = PBXFileReference; lastKnownFileType = image.png; path = Default.png; sourceTree = "<group>"; };
		9DA3D6EC16819C1900AFC1BF /* Default@2x.png */ = {isa = PBXFileReference; lastKnownFileType = image.png; path = "Default@2x.png"; sourceTree = "<group>"; };
		9DA3D6EE16819C1900AFC1BF /* Default-568h@2x.png */ = {isa = PBXFileReference; lastKnownFileType = image.png; path = "Default-568h@2x.png"; sourceTree = "<group>"; };
		9DA3D6F016819C1900AFC1BF /* CamViewController.h */ = {isa = PBXFileReference; lastKnownFileType = sourcecode.c.h; path = CamViewController.h; sourceTree = "<group>"; };
		9DA3D6F116819C1900AFC1BF /* CamViewController.m */ = {isa = PBXFileReference; lastKnownFileType = sourcecode.c.objc; path = CamViewController.m; sourceTree = "<group>"; };
		9DA3D6F416819C1A00AFC1BF /* en */ = {isa = PBXFileReference; lastKnownFileType = file.xib; name = en; path = en.lproj/CamViewController.xib; sourceTree = "<group>"; };
/* End PBXFileReference section */

/* Begin PBXFrameworksBuildPhase section */
		9DA3D6D116819C1900AFC1BF /* Frameworks */ = {
			isa = PBXFrameworksBuildPhase;
			buildActionMask = 2147483647;
			files = (
				9DA3D6D916819C1900AFC1BF /* UIKit.framework in Frameworks */,
				9DA3D6DB16819C1900AFC1BF /* Foundation.framework in Frameworks */,
				9DA3D6DD16819C1900AFC1BF /* CoreGraphics.framework in Frameworks */,
			);
			runOnlyForDeploymentPostprocessing = 0;
		};
/* End PBXFrameworksBuildPhase section */

/* Begin PBXGroup section */
		9DA3D6C916819C1900AFC1BF = {
			isa = PBXGroup;
			children = (
				9DA3D6DE16819C1900AFC1BF /* Camcoder */,
				9DA3D6D716819C1900AFC1BF /* Frameworks */,
				9DA3D6D516819C1900AFC1BF /* Products */,
			);
			sourceTree = "<group>";
		};
		9DA3D6D516819C1900AFC1BF /* Products */ = {
			isa = PBXGroup;
			children = (
				9DA3D6D416819C1900AFC1BF /* Camcoder.app */,
			);
			name = Products;
			sourceTree = "<group>";
		};
		9DA3D6D716819C1900AFC1BF /* Frameworks */ = {
			isa = PBXGroup;
			children = (
				9DA3D6D816819C1900AFC1BF /* UIKit.framework */,
				9DA3D6DA16819C1900AFC1BF /* Foundation.framework */,
				9DA3D6DC16819C1900AFC1BF /* CoreGraphics.framework */,
			);
			name = Frameworks;
			sourceTree = "<group>";
		};
		9DA3D6DE16819C1900AFC1BF /* Camcoder */ = {
			isa = PBXGroup;
			children = (
				9DA3D6E716819C1900AFC1BF /* CamAppDelegate.h */,
				9DA3D6E816819C1900AFC1BF /* CamAppDelegate.m */,
				9DA3D6F016819C1900AFC1BF /* CamViewController.h */,
				9DA3D6F116819C1900AFC1BF /* CamViewController.m */,
				9DA3D6F316819C1A00AFC1BF /* CamViewController.xib */,
				9DA3D6DF16819C1900AFC1BF /* Supporting Files */,
			);
			path = Camcoder;
			sourceTree = "<group>";
		};
		9DA3D6DF16819C1900AFC1BF /* Supporting Files */ = {
			isa = PBXGroup;
			children = (
				9DA3D6E016819C1900AFC1BF /* Camcoder-Info.plist */,
				9DA3D6E116819C1900AFC1BF /* InfoPlist.strings */,
				9DA3D6E416819C1900AFC1BF /* main.m */,
				9DA3D6E616819C1900AFC1BF /* Camcoder-Prefix.pch */,
				9DA3D6EA16819C1900AFC1BF /* Default.png */,
				9DA3D6EC16819C1900AFC1BF /* Default@2x.png */,
				9DA3D6EE16819C1900AFC1BF /* Default-568h@2x.png */,
			);
			name = "Supporting Files";
			sourceTree = "<group>";
		};
/* End PBXGroup section */

/* Begin PBXNativeTarget section */
		9DA3D6D316819C1900AFC1BF /* Camcoder */ = {
			isa = PBXNativeTarget;
			buildConfigurationList = 9DA3D6F816819C1A00AFC1BF /* Build configuration list for PBXNativeTarget "Camcoder" */;
			buildPhases = (
				9DA3D6D016819C1900AFC1BF /* Sources */,
				9DA3D6D116819C1900AFC1BF /* Frameworks */,
				9DA3D6D216819C1900AFC1BF /* Resources */,
			);
			buildRules = (
			);
			dependencies = (
			);
			name = Camcoder;
			productName = Camcoder;
			productReference = 9DA3D6D416819C1900AFC1BF /* Camcoder.app */;
			productType = "com.apple.product-type.application";
		};
/* End PBXNativeTarget section */

/* Begin PBXProject section */
		9DA3D6CB16819C1900AFC1BF /* Project object */ = {
			isa = PBXProject;
			attributes = {
				CLASSPREFIX = Cam;
				LastUpgradeCheck = 0450;
				ORGANIZATIONNAME = "Nikunj Modi";
			};
			buildConfigurationList = 9DA3D6CE16819C1900AFC1BF /* Build configuration list for PBXProject "Camcoder" */;
			compatibilityVersion = "Xcode 3.2";
			developmentRegion = English;
			hasScannedForEncodings = 0;
			knownRegions = (
				en,
			);
			mainGroup = 9DA3D6C916819C1900AFC1BF;
			productRefGroup = 9DA3D6D516819C1900AFC1BF /* Products */;
			projectDirPath = "";
			projectRoot = "";
			targets = (
				9DA3D6D316819C1900AFC1BF /* Camcoder */,
			);
		};
/* End PBXProject section */

/* Begin PBXResourcesBuildPhase section */
		9DA3D6D216819C1900AFC1BF /* Resources */ = {
			isa = PBXResourcesBuildPhase;
			buildActionMask = 2147483647;
			files = (
				9DA3D6E316819C1900AFC1BF /* InfoPlist.strings in Resources */,
				9DA3D6EB16819C1900AFC1BF /* Default.png in Resources */,
				9DA3D6ED16819C1900AFC1BF /* Default@2x.png in Resources */,
				9DA3D6EF16819C1900AFC1BF /* Default-568h@2x.png in Resources */,
				9DA3D6F516819C1A00AFC1BF /* CamViewController.xib in Resources */,
			);
			runOnlyForDeploymentPostprocessing = 0;
		};
/* End PBXResourcesBuildPhase section */

/* Begin PBXSourcesBuildPhase section */
		9DA3D6D016819C1900AFC1BF /* Sources */ = {
			isa = PBXSourcesBuildPhase;
			buildActionMask = 2147483647;
			files = (
				9DA3D6E516819C1900AFC1BF /* main.m in Sources */,
				9DA3D6E916819C1900AFC1BF /* CamAppDelegate.m in Sources */,
				9DA3D6F216819C1900AFC1BF /* CamViewController.m in Sources */,
			);
			runOnlyForDeploymentPostprocessing = 0;
		};
/* End PBXSourcesBuildPhase section */

/* Begin PBXVariantGroup section */
		9DA3D6E116819C1900AFC1BF /* InfoPlist.strings */ = {
			isa = PBXVariantGroup;
			children = (
				9DA3D6E216819C1900AFC1BF /* en */,
			);
			name = InfoPlist.strings;
			sourceTree = "<group>";
		};
		9DA3D6F316819C1A00AFC1BF /* CamViewController.xib */ = {
			isa = PBXVariantGroup;
			children = (
				9DA3D6F416819C1A00AFC1BF /* en */,
			);
			name = CamViewController.xib;
			sourceTree = "<group>";
		};
/* End PBXVariantGroup section */

/* Begin XCBuildConfiguration section */
		9DA3D6F616819C1A00AFC1BF /* Debug */ = {
			isa = XCBuildConfiguration;
			buildSettings = {
				ALWAYS_SEARCH_USER_PATHS = NO;
				CLANG_CXX_LANGUAGE_STANDARD = "gnu++0x";
				CLANG_CXX_LIBRARY = "libc++";
				CLANG_WARN_EMPTY_BODY = YES;
				CLANG_WARN__DUPLICATE_METHOD_MATCH = YES;
				"CODE_SIGN_IDENTITY[sdk=iphoneos*]" = "iPhone Developer";
				COPY_PHASE_STRIP = NO;
				GCC_C_LANGUAGE_STANDARD = gnu99;
				GCC_DYNAMIC_NO_PIC = NO;
				GCC_OPTIMIZATION_LEVEL = 0;
				GCC_PREPROCESSOR_DEFINITIONS = (
					"DEBUG=1",
					"$(inherited)",
				);
				GCC_SYMBOLS_PRIVATE_EXTERN = NO;
				GCC_WARN_ABOUT_RETURN_TYPE = YES;
				GCC_WARN_UNINITIALIZED_AUTOS = YES;
				GCC_WARN_UNUSED_VARIABLE = YES;
				IPHONEOS_DEPLOYMENT_TARGET = 6.0;
				SDKROOT = iphoneos;
			};
			name = Debug;
		};
		9DA3D6F716819C1A00AFC1BF /* Release */ = {
			isa = XCBuildConfiguration;
			buildSettings = {
				ALWAYS_SEARCH_USER_PATHS = NO;
				CLANG_CXX_LANGUAGE_STANDARD = "gnu++0x";
				CLANG_CXX_LIBRARY = "libc++";
				CLANG_WARN_EMPTY_BODY = YES;
				CLANG_WARN__DUPLICATE_METHOD_MATCH = YES;
				"CODE_SIGN_IDENTITY[sdk=iphoneos*]" = "iPhone Developer";
				COPY_PHASE_STRIP = YES;
				GCC_C_LANGUAGE_STANDARD = gnu99;
				GCC_WARN_ABOUT_RETURN_TYPE = YES;
				GCC_WARN_UNINITIALIZED_AUTOS = YES;
				GCC_WARN_UNUSED_VARIABLE = YES;
				IPHONEOS_DEPLOYMENT_TARGET = 6.0;
				OTHER_CFLAGS = "-DNS_BLOCK_ASSERTIONS=1";
				SDKROOT = iphoneos;
				VALIDATE_PRODUCT = YES;
			};
			name = Release;
		};
		9DA3D6F916819C1A00AFC1BF /* Debug */ = {
			isa = XCBuildConfiguration;
			buildSettings = {
				GCC_PRECOMPILE_PREFIX_HEADER = YES;
				GCC_PREFIX_HEADER = "Camcoder/Camcoder-Prefix.pch";
				INFOPLIST_FILE = "Camcoder/Camcoder-Info.plist";
				PRODUCT_NAME = "$(TARGET_NAME)";
				WRAPPER_EXTENSION = app;
			};
			name = Debug;
		};
		9DA3D6FA16819C1A00AFC1BF /* Release */ = {
			isa = XCBuildConfiguration;
			buildSettings = {
				GCC_PRECOMPILE_PREFIX_HEADER = YES;
				GCC_PREFIX_HEADER = "Camcoder/Camcoder-Prefix.pch";
				INFOPLIST_FILE = "Camcoder/Camcoder-Info.plist";
				PRODUCT_NAME = "$(TARGET_NAME)";
				WRAPPER_EXTENSION = app;
			};
			name = Release;
		};
/* End XCBuildConfiguration section */

/* Begin XCConfigurationList section */
		9DA3D6CE16819C1900AFC1BF /* Build configuration list for PBXProject "Camcoder" */ = {
			isa = XCConfigurationList;
			buildConfigurations = (
				9DA3D6F616819C1A00AFC1BF /* Debug */,
				9DA3D6F716819C1A00AFC1BF /* Release */,
			);
			defaultConfigurationIsVisible = 0;
			defaultConfigurationName = Release;
		};
		9DA3D6F816819C1A00AFC1BF /* Build configuration list for PBXNativeTarget "Camcoder" */ = {
			isa = XCConfigurationList;
			buildConfigurations = (
				9DA3D6F916819C1A00AFC1BF /* Debug */,
				9DA3D6FA16819C1A00AFC1BF /* Release */,
			);
			defaultConfigurationIsVisible = 0;
		};
/* End XCConfigurationList section */
	};
	rootObject = 9DA3D6CB16819C1900AFC1BF /* Project object */;
}
